// !$*UTF8*$!
{
	archiveVersion = 1;
	classes = {
	};
	objectVersion = 51;
	objects = {

/* Begin PBXBuildFile section */
		B6B7612D6B2C26F3C2B04B38 /* Pods_Instagram.framework in Frameworks */ = {isa = PBXBuildFile; fileRef = 3DED5EBA35B78D56F3FA556B /* Pods_Instagram.framework */; };
		ECAC6CCF25B99633003E3BF3 /* DatabaseManager.swift in Sources */ = {isa = PBXBuildFile; fileRef = ECAC6CCE25B99633003E3BF3 /* DatabaseManager.swift */; };
		ECAC6CD125B997A7003E3BF3 /* AuthManager.swift in Sources */ = {isa = PBXBuildFile; fileRef = ECAC6CD025B997A7003E3BF3 /* AuthManager.swift */; };
		ECAC6CD325B9981B003E3BF3 /* StorageManager.swift in Sources */ = {isa = PBXBuildFile; fileRef = ECAC6CD225B9981B003E3BF3 /* StorageManager.swift */; };
		ECAC6CD525B99F26003E3BF3 /* Extensions.swift in Sources */ = {isa = PBXBuildFile; fileRef = ECAC6CD425B99F26003E3BF3 /* Extensions.swift */; };
		ECD1BFF325B9873600723C5A /* GoogleService-Info.plist in Resources */ = {isa = PBXBuildFile; fileRef = ECD1BFF225B9873600723C5A /* GoogleService-Info.plist */; };
		ECF9ADA325B96088008F50A2 /* AppDelegate.swift in Sources */ = {isa = PBXBuildFile; fileRef = ECF9ADA225B96088008F50A2 /* AppDelegate.swift */; };
		ECF9ADA525B96088008F50A2 /* SceneDelegate.swift in Sources */ = {isa = PBXBuildFile; fileRef = ECF9ADA425B96088008F50A2 /* SceneDelegate.swift */; };
		ECF9ADA725B96088008F50A2 /* HomeViewController.swift in Sources */ = {isa = PBXBuildFile; fileRef = ECF9ADA625B96088008F50A2 /* HomeViewController.swift */; };
		ECF9ADAA25B96088008F50A2 /* Main.storyboard in Resources */ = {isa = PBXBuildFile; fileRef = ECF9ADA825B96088008F50A2 /* Main.storyboard */; };
		ECF9ADAC25B96089008F50A2 /* Assets.xcassets in Resources */ = {isa = PBXBuildFile; fileRef = ECF9ADAB25B96089008F50A2 /* Assets.xcassets */; };
		ECF9ADAF25B96089008F50A2 /* LaunchScreen.storyboard in Resources */ = {isa = PBXBuildFile; fileRef = ECF9ADAD25B96089008F50A2 /* LaunchScreen.storyboard */; };
		ECF9ADBC25B962EB008F50A2 /* ExploreViewController.swift in Sources */ = {isa = PBXBuildFile; fileRef = ECF9ADBB25B962EB008F50A2 /* ExploreViewController.swift */; };
		ECF9ADBE25B9634F008F50A2 /* CameraViewController.swift in Sources */ = {isa = PBXBuildFile; fileRef = ECF9ADBD25B9634F008F50A2 /* CameraViewController.swift */; };
		ECF9ADC025B96376008F50A2 /* NotificationsViewController.swift in Sources */ = {isa = PBXBuildFile; fileRef = ECF9ADBF25B96376008F50A2 /* NotificationsViewController.swift */; };
		ECF9ADC225B96392008F50A2 /* ProfileViewController.swift in Sources */ = {isa = PBXBuildFile; fileRef = ECF9ADC125B96392008F50A2 /* ProfileViewController.swift */; };
		ECF9ADC725B96520008F50A2 /* LoginViewController.swift in Sources */ = {isa = PBXBuildFile; fileRef = ECF9ADC625B96520008F50A2 /* LoginViewController.swift */; };
		ECF9ADC925B96532008F50A2 /* RegistrationViewController.swift in Sources */ = {isa = PBXBuildFile; fileRef = ECF9ADC825B96532008F50A2 /* RegistrationViewController.swift */; };
		ECF9ADCB25B96575008F50A2 /* PostViewController.swift in Sources */ = {isa = PBXBuildFile; fileRef = ECF9ADCA25B96575008F50A2 /* PostViewController.swift */; };
		ECF9ADCD25B965D0008F50A2 /* EditProfileViewController.swift in Sources */ = {isa = PBXBuildFile; fileRef = ECF9ADCC25B965D0008F50A2 /* EditProfileViewController.swift */; };
		ECF9ADD025B965ED008F50A2 /* SettingsViewController.swift in Sources */ = {isa = PBXBuildFile; fileRef = ECF9ADCF25B965ED008F50A2 /* SettingsViewController.swift */; };
		ECF9ADD225B965FB008F50A2 /* ListViewController.swift in Sources */ = {isa = PBXBuildFile; fileRef = ECF9ADD125B965FB008F50A2 /* ListViewController.swift */; };
		ECF9ADD425B96630008F50A2 /* SearchViewController.swift in Sources */ = {isa = PBXBuildFile; fileRef = ECF9ADD325B96630008F50A2 /* SearchViewController.swift */; };
		ECF9ADD625B96644008F50A2 /* SearchResultViewController.swift in Sources */ = {isa = PBXBuildFile; fileRef = ECF9ADD525B96644008F50A2 /* SearchResultViewController.swift */; };
		ECF9ADD825B96692008F50A2 /* PostEditorViewController.swift in Sources */ = {isa = PBXBuildFile; fileRef = ECF9ADD725B96692008F50A2 /* PostEditorViewController.swift */; };
		ECF9ADDA25B966A1008F50A2 /* PublishPostViewController.swift in Sources */ = {isa = PBXBuildFile; fileRef = ECF9ADD925B966A0008F50A2 /* PublishPostViewController.swift */; };
/* End PBXBuildFile section */

/* Begin PBXFileReference section */
		06B5F248D534426EC2E037D6 /* Pods-Instagram.debug.xcconfig */ = {isa = PBXFileReference; includeInIndex = 1; lastKnownFileType = text.xcconfig; name = "Pods-Instagram.debug.xcconfig"; path = "Target Support Files/Pods-Instagram/Pods-Instagram.debug.xcconfig"; sourceTree = "<group>"; };
		3DED5EBA35B78D56F3FA556B /* Pods_Instagram.framework */ = {isa = PBXFileReference; explicitFileType = wrapper.framework; includeInIndex = 0; path = Pods_Instagram.framework; sourceTree = BUILT_PRODUCTS_DIR; };
		58FA67607AB2A141B1212638 /* Pods-Instagram.release.xcconfig */ = {isa = PBXFileReference; includeInIndex = 1; lastKnownFileType = text.xcconfig; name = "Pods-Instagram.release.xcconfig"; path = "Target Support Files/Pods-Instagram/Pods-Instagram.release.xcconfig"; sourceTree = "<group>"; };
		ECAC6CCE25B99633003E3BF3 /* DatabaseManager.swift */ = {isa = PBXFileReference; lastKnownFileType = sourcecode.swift; path = DatabaseManager.swift; sourceTree = "<group>"; };
		ECAC6CD025B997A7003E3BF3 /* AuthManager.swift */ = {isa = PBXFileReference; lastKnownFileType = sourcecode.swift; path = AuthManager.swift; sourceTree = "<group>"; };
		ECAC6CD225B9981B003E3BF3 /* StorageManager.swift */ = {isa = PBXFileReference; lastKnownFileType = sourcecode.swift; path = StorageManager.swift; sourceTree = "<group>"; };
		ECAC6CD425B99F26003E3BF3 /* Extensions.swift */ = {isa = PBXFileReference; lastKnownFileType = sourcecode.swift; path = Extensions.swift; sourceTree = "<group>"; };
		ECD1BFF225B9873600723C5A /* GoogleService-Info.plist */ = {isa = PBXFileReference; fileEncoding = 4; lastKnownFileType = text.plist.xml; path = "GoogleService-Info.plist"; sourceTree = "<group>"; };
		ECF9AD9F25B96088008F50A2 /* Instagram.app */ = {isa = PBXFileReference; explicitFileType = wrapper.application; includeInIndex = 0; path = Instagram.app; sourceTree = BUILT_PRODUCTS_DIR; };
		ECF9ADA225B96088008F50A2 /* AppDelegate.swift */ = {isa = PBXFileReference; lastKnownFileType = sourcecode.swift; path = AppDelegate.swift; sourceTree = "<group>"; };
		ECF9ADA425B96088008F50A2 /* SceneDelegate.swift */ = {isa = PBXFileReference; lastKnownFileType = sourcecode.swift; path = SceneDelegate.swift; sourceTree = "<group>"; };
		ECF9ADA625B96088008F50A2 /* HomeViewController.swift */ = {isa = PBXFileReference; lastKnownFileType = sourcecode.swift; path = HomeViewController.swift; sourceTree = "<group>"; };
		ECF9ADA925B96088008F50A2 /* Base */ = {isa = PBXFileReference; lastKnownFileType = file.storyboard; name = Base; path = Base.lproj/Main.storyboard; sourceTree = "<group>"; };
		ECF9ADAB25B96089008F50A2 /* Assets.xcassets */ = {isa = PBXFileReference; lastKnownFileType = folder.assetcatalog; path = Assets.xcassets; sourceTree = "<group>"; };
		ECF9ADAE25B96089008F50A2 /* Base */ = {isa = PBXFileReference; lastKnownFileType = file.storyboard; name = Base; path = Base.lproj/LaunchScreen.storyboard; sourceTree = "<group>"; };
		ECF9ADB025B96089008F50A2 /* Info.plist */ = {isa = PBXFileReference; lastKnownFileType = text.plist.xml; path = Info.plist; sourceTree = "<group>"; };
		ECF9ADBB25B962EB008F50A2 /* ExploreViewController.swift */ = {isa = PBXFileReference; lastKnownFileType = sourcecode.swift; path = ExploreViewController.swift; sourceTree = "<group>"; };
		ECF9ADBD25B9634F008F50A2 /* CameraViewController.swift */ = {isa = PBXFileReference; lastKnownFileType = sourcecode.swift; path = CameraViewController.swift; sourceTree = "<group>"; };
		ECF9ADBF25B96376008F50A2 /* NotificationsViewController.swift */ = {isa = PBXFileReference; lastKnownFileType = sourcecode.swift; path = NotificationsViewController.swift; sourceTree = "<group>"; };
		ECF9ADC125B96392008F50A2 /* ProfileViewController.swift */ = {isa = PBXFileReference; lastKnownFileType = sourcecode.swift; path = ProfileViewController.swift; sourceTree = "<group>"; };
		ECF9ADC625B96520008F50A2 /* LoginViewController.swift */ = {isa = PBXFileReference; lastKnownFileType = sourcecode.swift; path = LoginViewController.swift; sourceTree = "<group>"; };
		ECF9ADC825B96532008F50A2 /* RegistrationViewController.swift */ = {isa = PBXFileReference; lastKnownFileType = sourcecode.swift; path = RegistrationViewController.swift; sourceTree = "<group>"; };
		ECF9ADCA25B96575008F50A2 /* PostViewController.swift */ = {isa = PBXFileReference; lastKnownFileType = sourcecode.swift; path = PostViewController.swift; sourceTree = "<group>"; };
		ECF9ADCC25B965D0008F50A2 /* EditProfileViewController.swift */ = {isa = PBXFileReference; lastKnownFileType = sourcecode.swift; path = EditProfileViewController.swift; sourceTree = "<group>"; };
		ECF9ADCF25B965ED008F50A2 /* SettingsViewController.swift */ = {isa = PBXFileReference; lastKnownFileType = sourcecode.swift; path = SettingsViewController.swift; sourceTree = "<group>"; };
		ECF9ADD125B965FB008F50A2 /* ListViewController.swift */ = {isa = PBXFileReference; lastKnownFileType = sourcecode.swift; path = ListViewController.swift; sourceTree = "<group>"; };
		ECF9ADD325B96630008F50A2 /* SearchViewController.swift */ = {isa = PBXFileReference; lastKnownFileType = sourcecode.swift; path = SearchViewController.swift; sourceTree = "<group>"; };
		ECF9ADD525B96644008F50A2 /* SearchResultViewController.swift */ = {isa = PBXFileReference; lastKnownFileType = sourcecode.swift; path = SearchResultViewController.swift; sourceTree = "<group>"; };
		ECF9ADD725B96692008F50A2 /* PostEditorViewController.swift */ = {isa = PBXFileReference; lastKnownFileType = sourcecode.swift; path = PostEditorViewController.swift; sourceTree = "<group>"; };
		ECF9ADD925B966A0008F50A2 /* PublishPostViewController.swift */ = {isa = PBXFileReference; lastKnownFileType = sourcecode.swift; path = PublishPostViewController.swift; sourceTree = "<group>"; };
/* End PBXFileReference section */

/* Begin PBXFrameworksBuildPhase section */
		ECF9AD9C25B96088008F50A2 /* Frameworks */ = {
			isa = PBXFrameworksBuildPhase;
			buildActionMask = 2147483647;
			files = (
				B6B7612D6B2C26F3C2B04B38 /* Pods_Instagram.framework in Frameworks */,
			);
			runOnlyForDeploymentPostprocessing = 0;
		};
/* End PBXFrameworksBuildPhase section */

/* Begin PBXGroup section */
		AC9D7D006145E5A2B7FF95FE /* Pods */ = {
			isa = PBXGroup;
			children = (
				06B5F248D534426EC2E037D6 /* Pods-Instagram.debug.xcconfig */,
				58FA67607AB2A141B1212638 /* Pods-Instagram.release.xcconfig */,
			);
			path = Pods;
			sourceTree = "<group>";
		};
		B2FF09090E130F009BFDF0AC /* Frameworks */ = {
			isa = PBXGroup;
			children = (
				3DED5EBA35B78D56F3FA556B /* Pods_Instagram.framework */,
			);
			name = Frameworks;
			sourceTree = "<group>";
		};
		ECAC6CCD25B994CB003E3BF3 /* General */ = {
			isa = PBXGroup;
			children = (
				ECF9ADCA25B96575008F50A2 /* PostViewController.swift */,
				ECF9ADCC25B965D0008F50A2 /* EditProfileViewController.swift */,
				ECF9ADCF25B965ED008F50A2 /* SettingsViewController.swift */,
				ECF9ADD125B965FB008F50A2 /* ListViewController.swift */,
				ECF9ADD325B96630008F50A2 /* SearchViewController.swift */,
				ECF9ADD525B96644008F50A2 /* SearchResultViewController.swift */,
				ECF9ADD725B96692008F50A2 /* PostEditorViewController.swift */,
				ECF9ADD925B966A0008F50A2 /* PublishPostViewController.swift */,
			);
			path = General;
			sourceTree = "<group>";
		};
		ECF9AD9625B96088008F50A2 = {
			isa = PBXGroup;
			children = (
				ECF9ADA125B96088008F50A2 /* Instagram */,
				ECF9ADA025B96088008F50A2 /* Products */,
				AC9D7D006145E5A2B7FF95FE /* Pods */,
				B2FF09090E130F009BFDF0AC /* Frameworks */,
			);
			sourceTree = "<group>";
		};
		ECF9ADA025B96088008F50A2 /* Products */ = {
			isa = PBXGroup;
			children = (
				ECF9AD9F25B96088008F50A2 /* Instagram.app */,
			);
			name = Products;
			sourceTree = "<group>";
		};
		ECF9ADA125B96088008F50A2 /* Instagram */ = {
			isa = PBXGroup;
			children = (
				ECF9ADB625B9609E008F50A2 /* Resources */,
				ECF9ADB725B960C1008F50A2 /* Models */,
				ECF9ADB825B960CC008F50A2 /* Views */,
				ECF9ADB925B960F1008F50A2 /* Controllers */,
				ECF9ADB025B96089008F50A2 /* Info.plist */,
			);
			path = Instagram;
			sourceTree = "<group>";
		};
		ECF9ADB625B9609E008F50A2 /* Resources */ = {
			isa = PBXGroup;
			children = (
				ECD1BFF225B9873600723C5A /* GoogleService-Info.plist */,
				ECF9ADA225B96088008F50A2 /* AppDelegate.swift */,
				ECF9ADA425B96088008F50A2 /* SceneDelegate.swift */,
				ECAC6CCE25B99633003E3BF3 /* DatabaseManager.swift */,
				ECAC6CD025B997A7003E3BF3 /* AuthManager.swift */,
				ECAC6CD225B9981B003E3BF3 /* StorageManager.swift */,
				ECAC6CD425B99F26003E3BF3 /* Extensions.swift */,
			);
			path = Resources;
			sourceTree = "<group>";
		};
		ECF9ADB725B960C1008F50A2 /* Models */ = {
			isa = PBXGroup;
			children = (
			);
			path = Models;
			sourceTree = "<group>";
		};
		ECF9ADB825B960CC008F50A2 /* Views */ = {
			isa = PBXGroup;
			children = (
				ECF9ADAB25B96089008F50A2 /* Assets.xcassets */,
				ECF9ADBA25B96168008F50A2 /* Storyboards */,
			);
			path = Views;
			sourceTree = "<group>";
		};
		ECF9ADB925B960F1008F50A2 /* Controllers */ = {
			isa = PBXGroup;
			children = (
				ECF9ADC425B964E0008F50A2 /* Other */,
				ECF9ADC325B963E7008F50A2 /* Core Tabs */,
			);
			path = Controllers;
			sourceTree = "<group>";
		};
		ECF9ADBA25B96168008F50A2 /* Storyboards */ = {
			isa = PBXGroup;
			children = (
				ECF9ADA825B96088008F50A2 /* Main.storyboard */,
				ECF9ADAD25B96089008F50A2 /* LaunchScreen.storyboard */,
			);
			path = Storyboards;
			sourceTree = "<group>";
		};
		ECF9ADC325B963E7008F50A2 /* Core Tabs */ = {
			isa = PBXGroup;
			children = (
				ECF9ADA625B96088008F50A2 /* HomeViewController.swift */,
				ECF9ADBB25B962EB008F50A2 /* ExploreViewController.swift */,
				ECF9ADBD25B9634F008F50A2 /* CameraViewController.swift */,
				ECF9ADBF25B96376008F50A2 /* NotificationsViewController.swift */,
				ECF9ADC125B96392008F50A2 /* ProfileViewController.swift */,
			);
			path = "Core Tabs";
			sourceTree = "<group>";
		};
		ECF9ADC425B964E0008F50A2 /* Other */ = {
			isa = PBXGroup;
			children = (
				ECF9ADC525B964EA008F50A2 /* Onboarding */,
				ECAC6CCD25B994CB003E3BF3 /* General */,
			);
			path = Other;
			sourceTree = "<group>";
		};
		ECF9ADC525B964EA008F50A2 /* Onboarding */ = {
			isa = PBXGroup;
			children = (
				ECF9ADC625B96520008F50A2 /* LoginViewController.swift */,
				ECF9ADC825B96532008F50A2 /* RegistrationViewController.swift */,
			);
			path = Onboarding;
			sourceTree = "<group>";
		};
/* End PBXGroup section */

/* Begin PBXNativeTarget section */
		ECF9AD9E25B96088008F50A2 /* Instagram */ = {
			isa = PBXNativeTarget;
			buildConfigurationList = ECF9ADB325B96089008F50A2 /* Build configuration list for PBXNativeTarget "Instagram" */;
			buildPhases = (
				2BA6B3C9517348E79F8F8762 /* [CP] Check Pods Manifest.lock */,
				ECF9AD9B25B96088008F50A2 /* Sources */,
				ECF9AD9C25B96088008F50A2 /* Frameworks */,
				ECF9AD9D25B96088008F50A2 /* Resources */,
				3E64CCEE3DA1D2DC125B3D28 /* [CP] Embed Pods Frameworks */,
			);
			buildRules = (
			);
			dependencies = (
			);
			name = Instagram;
			productName = Instagram;
			productReference = ECF9AD9F25B96088008F50A2 /* Instagram.app */;
			productType = "com.apple.product-type.application";
		};
/* End PBXNativeTarget section */

/* Begin PBXProject section */
		ECF9AD9725B96088008F50A2 /* Project object */ = {
			isa = PBXProject;
			attributes = {
				LastSwiftUpdateCheck = 1130;
				LastUpgradeCheck = 1130;
				ORGANIZATIONNAME = com.felisabe;
				TargetAttributes = {
					ECF9AD9E25B96088008F50A2 = {
						CreatedOnToolsVersion = 11.3.1;
					};
				};
			};
			buildConfigurationList = ECF9AD9A25B96088008F50A2 /* Build configuration list for PBXProject "Instagram" */;
			compatibilityVersion = "Xcode 9.3";
			developmentRegion = en;
			hasScannedForEncodings = 0;
			knownRegions = (
				en,
				Base,
			);
			mainGroup = ECF9AD9625B96088008F50A2;
			productRefGroup = ECF9ADA025B96088008F50A2 /* Products */;
			projectDirPath = "";
			projectRoot = "";
			targets = (
				ECF9AD9E25B96088008F50A2 /* Instagram */,
			);
		};
/* End PBXProject section */

/* Begin PBXResourcesBuildPhase section */
		ECF9AD9D25B96088008F50A2 /* Resources */ = {
			isa = PBXResourcesBuildPhase;
			buildActionMask = 2147483647;
			files = (
				ECF9ADAF25B96089008F50A2 /* LaunchScreen.storyboard in Resources */,
				ECD1BFF325B9873600723C5A /* GoogleService-Info.plist in Resources */,
				ECF9ADAC25B96089008F50A2 /* Assets.xcassets in Resources */,
				ECF9ADAA25B96088008F50A2 /* Main.storyboard in Resources */,
			);
			runOnlyForDeploymentPostprocessing = 0;
		};
/* End PBXResourcesBuildPhase section */

/* Begin PBXShellScriptBuildPhase section */
		2BA6B3C9517348E79F8F8762 /* [CP] Check Pods Manifest.lock */ = {
			isa = PBXShellScriptBuildPhase;
			buildActionMask = 2147483647;
			files = (
			);
			inputFileListPaths = (
			);
			inputPaths = (
				"${PODS_PODFILE_DIR_PATH}/Podfile.lock",
				"${PODS_ROOT}/Manifest.lock",
			);
			name = "[CP] Check Pods Manifest.lock";
			outputFileListPaths = (
			);
			outputPaths = (
				"$(DERIVED_FILE_DIR)/Pods-Instagram-checkManifestLockResult.txt",
			);
			runOnlyForDeploymentPostprocessing = 0;
			shellPath = /bin/sh;
			shellScript = "diff \"${PODS_PODFILE_DIR_PATH}/Podfile.lock\" \"${PODS_ROOT}/Manifest.lock\" > /dev/null\nif [ $? != 0 ] ; then\n    # print error to STDERR\n    echo \"error: The sandbox is not in sync with the Podfile.lock. Run 'pod install' or update your CocoaPods installation.\" >&2\n    exit 1\nfi\n# This output is used by Xcode 'outputs' to avoid re-running this script phase.\necho \"SUCCESS\" > \"${SCRIPT_OUTPUT_FILE_0}\"\n";
			showEnvVarsInLog = 0;
		};
		3E64CCEE3DA1D2DC125B3D28 /* [CP] Embed Pods Frameworks */ = {
			isa = PBXShellScriptBuildPhase;
			buildActionMask = 2147483647;
			files = (
			);
			inputFileListPaths = (
				"${PODS_ROOT}/Target Support Files/Pods-Instagram/Pods-Instagram-frameworks-${CONFIGURATION}-input-files.xcfilelist",
			);
			name = "[CP] Embed Pods Frameworks";
			outputFileListPaths = (
				"${PODS_ROOT}/Target Support Files/Pods-Instagram/Pods-Instagram-frameworks-${CONFIGURATION}-output-files.xcfilelist",
			);
			runOnlyForDeploymentPostprocessing = 0;
			shellPath = /bin/sh;
			shellScript = "\"${PODS_ROOT}/Target Support Files/Pods-Instagram/Pods-Instagram-frameworks.sh\"\n";
			showEnvVarsInLog = 0;
		};
/* End PBXShellScriptBuildPhase section */

/* Begin PBXSourcesBuildPhase section */
		ECF9AD9B25B96088008F50A2 /* Sources */ = {
			isa = PBXSourcesBuildPhase;
			buildActionMask = 2147483647;
			files = (
				ECF9ADCD25B965D0008F50A2 /* EditProfileViewController.swift in Sources */,
				ECF9ADBC25B962EB008F50A2 /* ExploreViewController.swift in Sources */,
				ECF9ADDA25B966A1008F50A2 /* PublishPostViewController.swift in Sources */,
				ECF9ADBE25B9634F008F50A2 /* CameraViewController.swift in Sources */,
				ECF9ADA725B96088008F50A2 /* HomeViewController.swift in Sources */,
				ECF9ADC925B96532008F50A2 /* RegistrationViewController.swift in Sources */,
				ECF9ADD825B96692008F50A2 /* PostEditorViewController.swift in Sources */,
				ECAC6CD325B9981B003E3BF3 /* StorageManager.swift in Sources */,
				ECF9ADCB25B96575008F50A2 /* PostViewController.swift in Sources */,
				ECAC6CCF25B99633003E3BF3 /* DatabaseManager.swift in Sources */,
				ECF9ADC025B96376008F50A2 /* NotificationsViewController.swift in Sources */,
				ECF9ADD625B96644008F50A2 /* SearchResultViewController.swift in Sources */,
				ECF9ADC725B96520008F50A2 /* LoginViewController.swift in Sources */,
				ECAC6CD525B99F26003E3BF3 /* Extensions.swift in Sources */,
				ECF9ADD425B96630008F50A2 /* SearchViewController.swift in Sources */,
				ECF9ADC225B96392008F50A2 /* ProfileViewController.swift in Sources */,
				ECAC6CD125B997A7003E3BF3 /* AuthManager.swift in Sources */,
				ECF9ADA325B96088008F50A2 /* AppDelegate.swift in Sources */,
				ECF9ADA525B96088008F50A2 /* SceneDelegate.swift in Sources */,
				ECF9ADD225B965FB008F50A2 /* ListViewController.swift in Sources */,
				ECF9ADD025B965ED008F50A2 /* SettingsViewController.swift in Sources */,
			);
			runOnlyForDeploymentPostprocessing = 0;
		};
/* End PBXSourcesBuildPhase section */

/* Begin PBXVariantGroup section */
		ECF9ADA825B96088008F50A2 /* Main.storyboard */ = {
			isa = PBXVariantGroup;
			children = (
				ECF9ADA925B96088008F50A2 /* Base */,
			);
			name = Main.storyboard;
			sourceTree = "<group>";
		};
		ECF9ADAD25B96089008F50A2 /* LaunchScreen.storyboard */ = {
			isa = PBXVariantGroup;
			children = (
				ECF9ADAE25B96089008F50A2 /* Base */,
			);
			name = LaunchScreen.storyboard;
			sourceTree = "<group>";
		};
/* End PBXVariantGroup section */

/* Begin XCBuildConfiguration section */
		ECF9ADB125B96089008F50A2 /* Debug */ = {
			isa = XCBuildConfiguration;
			buildSettings = {
				ALWAYS_SEARCH_USER_PATHS = NO;
				CLANG_ANALYZER_NONNULL = YES;
				CLANG_ANALYZER_NUMBER_OBJECT_CONVERSION = YES_AGGRESSIVE;
				CLANG_CXX_LANGUAGE_STANDARD = "gnu++14";
				CLANG_CXX_LIBRARY = "libc++";
				CLANG_ENABLE_MODULES = YES;
				CLANG_ENABLE_OBJC_ARC = YES;
				CLANG_ENABLE_OBJC_WEAK = YES;
				CLANG_WARN_BLOCK_CAPTURE_AUTORELEASING = YES;
				CLANG_WARN_BOOL_CONVERSION = YES;
				CLANG_WARN_COMMA = YES;
				CLANG_WARN_CONSTANT_CONVERSION = YES;
				CLANG_WARN_DEPRECATED_OBJC_IMPLEMENTATIONS = YES;
				CLANG_WARN_DIRECT_OBJC_ISA_USAGE = YES_ERROR;
				CLANG_WARN_DOCUMENTATION_COMMENTS = YES;
				CLANG_WARN_EMPTY_BODY = YES;
				CLANG_WARN_ENUM_CONVERSION = YES;
				CLANG_WARN_INFINITE_RECURSION = YES;
				CLANG_WARN_INT_CONVERSION = YES;
				CLANG_WARN_NON_LITERAL_NULL_CONVERSION = YES;
				CLANG_WARN_OBJC_IMPLICIT_RETAIN_SELF = YES;
				CLANG_WARN_OBJC_LITERAL_CONVERSION = YES;
				CLANG_WARN_OBJC_ROOT_CLASS = YES_ERROR;
				CLANG_WARN_RANGE_LOOP_ANALYSIS = YES;
				CLANG_WARN_STRICT_PROTOTYPES = YES;
				CLANG_WARN_SUSPICIOUS_MOVE = YES;
				CLANG_WARN_UNGUARDED_AVAILABILITY = YES_AGGRESSIVE;
				CLANG_WARN_UNREACHABLE_CODE = YES;
				CLANG_WARN__DUPLICATE_METHOD_MATCH = YES;
				COPY_PHASE_STRIP = NO;
				DEBUG_INFORMATION_FORMAT = dwarf;
				ENABLE_STRICT_OBJC_MSGSEND = YES;
				ENABLE_TESTABILITY = YES;
				GCC_C_LANGUAGE_STANDARD = gnu11;
				GCC_DYNAMIC_NO_PIC = NO;
				GCC_NO_COMMON_BLOCKS = YES;
				GCC_OPTIMIZATION_LEVEL = 0;
				GCC_PREPROCESSOR_DEFINITIONS = (
					"DEBUG=1",
					"$(inherited)",
				);
				GCC_WARN_64_TO_32_BIT_CONVERSION = YES;
				GCC_WARN_ABOUT_RETURN_TYPE = YES_ERROR;
				GCC_WARN_UNDECLARED_SELECTOR = YES;
				GCC_WARN_UNINITIALIZED_AUTOS = YES_AGGRESSIVE;
				GCC_WARN_UNUSED_FUNCTION = YES;
				GCC_WARN_UNUSED_VARIABLE = YES;
				IPHONEOS_DEPLOYMENT_TARGET = 13.2;
				MTL_ENABLE_DEBUG_INFO = INCLUDE_SOURCE;
				MTL_FAST_MATH = YES;
				ONLY_ACTIVE_ARCH = YES;
				SDKROOT = iphoneos;
				SWIFT_ACTIVE_COMPILATION_CONDITIONS = DEBUG;
				SWIFT_OPTIMIZATION_LEVEL = "-Onone";
			};
			name = Debug;
		};
		ECF9ADB225B96089008F50A2 /* Release */ = {
			isa = XCBuildConfiguration;
			buildSettings = {
				ALWAYS_SEARCH_USER_PATHS = NO;
				CLANG_ANALYZER_NONNULL = YES;
				CLANG_ANALYZER_NUMBER_OBJECT_CONVERSION = YES_AGGRESSIVE;
				CLANG_CXX_LANGUAGE_STANDARD = "gnu++14";
				CLANG_CXX_LIBRARY = "libc++";
				CLANG_ENABLE_MODULES = YES;
				CLANG_ENABLE_OBJC_ARC = YES;
				CLANG_ENABLE_OBJC_WEAK = YES;
				CLANG_WARN_BLOCK_CAPTURE_AUTORELEASING = YES;
				CLANG_WARN_BOOL_CONVERSION = YES;
				CLANG_WARN_COMMA = YES;
				CLANG_WARN_CONSTANT_CONVERSION = YES;
				CLANG_WARN_DEPRECATED_OBJC_IMPLEMENTATIONS = YES;
				CLANG_WARN_DIRECT_OBJC_ISA_USAGE = YES_ERROR;
				CLANG_WARN_DOCUMENTATION_COMMENTS = YES;
				CLANG_WARN_EMPTY_BODY = YES;
				CLANG_WARN_ENUM_CONVERSION = YES;
				CLANG_WARN_INFINITE_RECURSION = YES;
				CLANG_WARN_INT_CONVERSION = YES;
				CLANG_WARN_NON_LITERAL_NULL_CONVERSION = YES;
				CLANG_WARN_OBJC_IMPLICIT_RETAIN_SELF = YES;
				CLANG_WARN_OBJC_LITERAL_CONVERSION = YES;
				CLANG_WARN_OBJC_ROOT_CLASS = YES_ERROR;
				CLANG_WARN_RANGE_LOOP_ANALYSIS = YES;
				CLANG_WARN_STRICT_PROTOTYPES = YES;
				CLANG_WARN_SUSPICIOUS_MOVE = YES;
				CLANG_WARN_UNGUARDED_AVAILABILITY = YES_AGGRESSIVE;
				CLANG_WARN_UNREACHABLE_CODE = YES;
				CLANG_WARN__DUPLICATE_METHOD_MATCH = YES;
				COPY_PHASE_STRIP = NO;
				DEBUG_INFORMATION_FORMAT = "dwarf-with-dsym";
				ENABLE_NS_ASSERTIONS = NO;
				ENABLE_STRICT_OBJC_MSGSEND = YES;
				GCC_C_LANGUAGE_STANDARD = gnu11;
				GCC_NO_COMMON_BLOCKS = YES;
				GCC_WARN_64_TO_32_BIT_CONVERSION = YES;
				GCC_WARN_ABOUT_RETURN_TYPE = YES_ERROR;
				GCC_WARN_UNDECLARED_SELECTOR = YES;
				GCC_WARN_UNINITIALIZED_AUTOS = YES_AGGRESSIVE;
				GCC_WARN_UNUSED_FUNCTION = YES;
				GCC_WARN_UNUSED_VARIABLE = YES;
				IPHONEOS_DEPLOYMENT_TARGET = 13.2;
				MTL_ENABLE_DEBUG_INFO = NO;
				MTL_FAST_MATH = YES;
				SDKROOT = iphoneos;
				SWIFT_COMPILATION_MODE = wholemodule;
				SWIFT_OPTIMIZATION_LEVEL = "-O";
				VALIDATE_PRODUCT = YES;
			};
			name = Release;
		};
		ECF9ADB425B96089008F50A2 /* Debug */ = {
			isa = XCBuildConfiguration;
			baseConfigurationReference = 06B5F248D534426EC2E037D6 /* Pods-Instagram.debug.xcconfig */;
			buildSettings = {
				ASSETCATALOG_COMPILER_APPICON_NAME = AppIcon;
				CODE_SIGN_STYLE = Automatic;
				DEVELOPMENT_TEAM = 68329BUL4S;
				INFOPLIST_FILE = Instagram/Info.plist;
				IPHONEOS_DEPLOYMENT_TARGET = 13.0;
				LD_RUNPATH_SEARCH_PATHS = (
					"$(inherited)",
					"@executable_path/Frameworks",
				);
				PRODUCT_BUNDLE_IDENTIFIER = com.felisabe.Instagram;
				PRODUCT_NAME = "$(TARGET_NAME)";
				SWIFT_VERSION = 5.0;
				TARGETED_DEVICE_FAMILY = "1,2";
			};
			name = Debug;
		};
		ECF9ADB525B96089008F50A2 /* Release */ = {
			isa = XCBuildConfiguration;
			baseConfigurationReference = 58FA67607AB2A141B1212638 /* Pods-Instagram.release.xcconfig */;
			buildSettings = {
				ASSETCATALOG_COMPILER_APPICON_NAME = AppIcon;
				CODE_SIGN_STYLE = Automatic;
				DEVELOPMENT_TEAM = 68329BUL4S;
				INFOPLIST_FILE = Instagram/Info.plist;
				IPHONEOS_DEPLOYMENT_TARGET = 13.0;
				LD_RUNPATH_SEARCH_PATHS = (
					"$(inherited)",
					"@executable_path/Frameworks",
				);
				PRODUCT_BUNDLE_IDENTIFIER = com.felisabe.Instagram;
				PRODUCT_NAME = "$(TARGET_NAME)";
				SWIFT_VERSION = 5.0;
				TARGETED_DEVICE_FAMILY = "1,2";
			};
			name = Release;
		};
/* End XCBuildConfiguration section */

/* Begin XCConfigurationList section */
		ECF9AD9A25B96088008F50A2 /* Build configuration list for PBXProject "Instagram" */ = {
			isa = XCConfigurationList;
			buildConfigurations = (
				ECF9ADB125B96089008F50A2 /* Debug */,
				ECF9ADB225B96089008F50A2 /* Release */,
			);
			defaultConfigurationIsVisible = 0;
			defaultConfigurationName = Release;
		};
		ECF9ADB325B96089008F50A2 /* Build configuration list for PBXNativeTarget "Instagram" */ = {
			isa = XCConfigurationList;
			buildConfigurations = (
				ECF9ADB425B96089008F50A2 /* Debug */,
				ECF9ADB525B96089008F50A2 /* Release */,
			);
			defaultConfigurationIsVisible = 0;
			defaultConfigurationName = Release;
		};
/* End XCConfigurationList section */
	};
	rootObject = ECF9AD9725B96088008F50A2 /* Project object */;
}
